Microsoft Visual Studio Solution File, Format Version 11.00
# Visual Studio 2008

Project("{7F97F23B-EF0C-208B-4800-5268943ED164}") = "RebirthUnity", "Assembly-CSharp.csproj", "{7D442A51-3FB4-C1A7-A176-7D8AF674D12D}"
EndProject
Global
	GlobalSection(SolutionConfigurationPlatforms) = preSolution
		Debug|Any CPU = Debug|Any CPU
		Release|Any CPU = Release|Any CPU
	EndGlobalSection
	GlobalSection(ProjectConfigurationPlatforms) = postSolution
		{7D442A51-3FB4-C1A7-A176-7D8AF674D12D}.Debug|Any CPU.ActiveCfg = Debug|Any CPU
		{7D442A51-3FB4-C1A7-A176-7D8AF674D12D}.Debug|Any CPU.Build.0 = Debug|Any CPU
		{7D442A51-3FB4-C1A7-A176-7D8AF674D12D}.Release|Any CPU.ActiveCfg = Release|Any CPU
		{7D442A51-3FB4-C1A7-A176-7D8AF674D12D}.Release|Any CPU.Build.0 = Release|Any CPU
	EndGlobalSection
	GlobalSection(SolutionProperties) = preSolution
		HideSolutionNode = FALSE
	EndGlobalSection
	GlobalSection(MonoDevelopProperties) = preSolution
		StartupItem = Assembly-CSharp.csproj
		Policies = $0
		$0.TextStylePolicy = $1
		$1.inheritsSet = null
		$1.scope = text/x-csharp
		$0.CSharpFormattingPolicy = $2
		$2.inheritsSet = Mono
		$2.inheritsScope = text/x-csharp
		$2.scope = text/x-csharp
		$0.TextStylePolicy = $3
		$3.FileWidth = 120
		$3.TabWidth = 4
		$3.IndentWidth = 4
		$3.EolMarker = Unix
		$3.inheritsSet = Mono
		$3.inheritsScope = text/plain
		$3.scope = text/plain
	EndGlobalSection
EndGlobal
